// !$*UTF8*$!
{
	archiveVersion = 1;
	classes = {
	};
	objectVersion = 48;
	objects = {

/* Begin PBXBuildFile section */
		F123131720199571005EBE9D /* AppDelegate.swift in Sources */ = {isa = PBXBuildFile; fileRef = F123131620199571005EBE9D /* AppDelegate.swift */; };
		F123131920199571005EBE9D /* ViewController.swift in Sources */ = {isa = PBXBuildFile; fileRef = F123131820199571005EBE9D /* ViewController.swift */; };
		F123131C20199572005EBE9D /* Main.storyboard in Resources */ = {isa = PBXBuildFile; fileRef = F123131A20199572005EBE9D /* Main.storyboard */; };
		F123131E20199572005EBE9D /* Assets.xcassets in Resources */ = {isa = PBXBuildFile; fileRef = F123131D20199572005EBE9D /* Assets.xcassets */; };
		F123132120199572005EBE9D /* LaunchScreen.storyboard in Resources */ = {isa = PBXBuildFile; fileRef = F123131F20199572005EBE9D /* LaunchScreen.storyboard */; };
		F1231329201996D6005EBE9D /* CanvasView.swift in Sources */ = {isa = PBXBuildFile; fileRef = F1231328201996D6005EBE9D /* CanvasView.swift */; };
		F13AE86B2019AA93008B3F72 /* MNIST.mlmodel in Sources */ = {isa = PBXBuildFile; fileRef = F13AE86A2019AA92008B3F72 /* MNIST.mlmodel */; };
/* End PBXBuildFile section */

/* Begin PBXFileReference section */
		F123131320199571005EBE9D /* DigitRecogniser.app */ = {isa = PBXFileReference; explicitFileType = wrapper.application; includeInIndex = 0; path = DigitRecogniser.app; sourceTree = BUILT_PRODUCTS_DIR; };
		F123131620199571005EBE9D /* AppDelegate.swift */ = {isa = PBXFileReference; lastKnownFileType = sourcecode.swift; path = AppDelegate.swift; sourceTree = "<group>"; };
		F123131820199571005EBE9D /* ViewController.swift */ = {isa = PBXFileReference; lastKnownFileType = sourcecode.swift; path = ViewController.swift; sourceTree = "<group>"; };
		F123131B20199572005EBE9D /* Base */ = {isa = PBXFileReference; lastKnownFileType = file.storyboard; name = Base; path = Base.lproj/Main.storyboard; sourceTree = "<group>"; };
		F123131D20199572005EBE9D /* Assets.xcassets */ = {isa = PBXFileReference; lastKnownFileType = folder.assetcatalog; path = Assets.xcassets; sourceTree = "<group>"; };
		F123132020199572005EBE9D /* Base */ = {isa = PBXFileReference; lastKnownFileType = file.storyboard; name = Base; path = Base.lproj/LaunchScreen.storyboard; sourceTree = "<group>"; };
		F123132220199572005EBE9D /* Info.plist */ = {isa = PBXFileReference; lastKnownFileType = text.plist.xml; path = Info.plist; sourceTree = "<group>"; };
		F1231328201996D6005EBE9D /* CanvasView.swift */ = {isa = PBXFileReference; lastKnownFileType = sourcecode.swift; path = CanvasView.swift; sourceTree = "<group>"; };
		F13AE86A2019AA92008B3F72 /* MNIST.mlmodel */ = {isa = PBXFileReference; lastKnownFileType = file.mlmodel; path = MNIST.mlmodel; sourceTree = "<group>"; };
/* End PBXFileReference section */

/* Begin PBXFrameworksBuildPhase section */
		F123131020199571005EBE9D /* Frameworks */ = {
			isa = PBXFrameworksBuildPhase;
			buildActionMask = 2147483647;
			files = (
			);
			runOnlyForDeploymentPostprocessing = 0;
		};
/* End PBXFrameworksBuildPhase section */

/* Begin PBXGroup section */
		F123130A20199571005EBE9D = {
			isa = PBXGroup;
			children = (
				F123131520199571005EBE9D /* DigitRecogniser */,
				F123131420199571005EBE9D /* Products */,
			);
			sourceTree = "<group>";
		};
		F123131420199571005EBE9D /* Products */ = {
			isa = PBXGroup;
			children = (
				F123131320199571005EBE9D /* DigitRecogniser.app */,
			);
			name = Products;
			sourceTree = "<group>";
		};
		F123131520199571005EBE9D /* DigitRecogniser */ = {
			isa = PBXGroup;
			children = (
				F13AE86A2019AA92008B3F72 /* MNIST.mlmodel */,
				F123131620199571005EBE9D /* AppDelegate.swift */,
				F123131820199571005EBE9D /* ViewController.swift */,
				F123131A20199572005EBE9D /* Main.storyboard */,
				F123131D20199572005EBE9D /* Assets.xcassets */,
				F123131F20199572005EBE9D /* LaunchScreen.storyboard */,
				F123132220199572005EBE9D /* Info.plist */,
				F1231328201996D6005EBE9D /* CanvasView.swift */,
			);
			path = DigitRecogniser;
			sourceTree = "<group>";
		};
/* End PBXGroup section */

/* Begin PBXNativeTarget section */
		F123131220199571005EBE9D /* DigitRecogniser */ = {
			isa = PBXNativeTarget;
			buildConfigurationList = F123132520199572005EBE9D /* Build configuration list for PBXNativeTarget "DigitRecogniser" */;
			buildPhases = (
				F123130F20199571005EBE9D /* Sources */,
				F123131020199571005EBE9D /* Frameworks */,
				F123131120199571005EBE9D /* Resources */,
			);
			buildRules = (
			);
			dependencies = (
			);
			name = DigitRecogniser;
			productName = DigitRecogniser;
			productReference = F123131320199571005EBE9D /* DigitRecogniser.app */;
			productType = "com.apple.product-type.application";
		};
/* End PBXNativeTarget section */

/* Begin PBXProject section */
		F123130B20199571005EBE9D /* Project object */ = {
			isa = PBXProject;
			attributes = {
				LastSwiftUpdateCheck = 0920;
				LastUpgradeCheck = 0920;
				ORGANIZATIONNAME = Bhavin;
				TargetAttributes = {
					F123131220199571005EBE9D = {
						CreatedOnToolsVersion = 9.2;
						ProvisioningStyle = Automatic;
					};
				};
			};
			buildConfigurationList = F123130E20199571005EBE9D /* Build configuration list for PBXProject "DigitRecogniser" */;
			compatibilityVersion = "Xcode 8.0";
			developmentRegion = en;
			hasScannedForEncodings = 0;
			knownRegions = (
				en,
				Base,
			);
			mainGroup = F123130A20199571005EBE9D;
			productRefGroup = F123131420199571005EBE9D /* Products */;
			projectDirPath = "";
			projectRoot = "";
			targets = (
				F123131220199571005EBE9D /* DigitRecogniser */,
			);
		};
/* End PBXProject section */

/* Begin PBXResourcesBuildPhase section */
		F123131120199571005EBE9D /* Resources */ = {
			isa = PBXResourcesBuildPhase;
			buildActionMask = 2147483647;
			files = (
				F123132120199572005EBE9D /* LaunchScreen.storyboard in Resources */,
				F123131E20199572005EBE9D /* Assets.xcassets in Resources */,
				F123131C20199572005EBE9D /* Main.storyboard in Resources */,
			);
			runOnlyForDeploymentPostprocessing = 0;
		};
/* End PBXResourcesBuildPhase section */

/* Begin PBXSourcesBuildPhase section */
		F123130F20199571005EBE9D /* Sources */ = {
			isa = PBXSourcesBuildPhase;
			buildActionMask = 2147483647;
			files = (
				F13AE86B2019AA93008B3F72 /* MNIST.mlmodel in Sources */,
				F123131920199571005EBE9D /* ViewController.swift in Sources */,
				F123131720199571005EBE9D /* AppDelegate.swift in Sources */,
				F1231329201996D6005EBE9D /* CanvasView.swift in Sources */,
			);
			runOnlyForDeploymentPostprocessing = 0;
		};
/* End PBXSourcesBuildPhase section */

/* Begin PBXVariantGroup section */
		F123131A20199572005EBE9D /* Main.storyboard */ = {
			isa = PBXVariantGroup;
			children = (
				F123131B20199572005EBE9D /* Base */,
			);
			name = Main.storyboard;
			sourceTree = "<group>";
		};
		F123131F20199572005EBE9D /* LaunchScreen.storyboard */ = {
			isa = PBXVariantGroup;
			children = (
				F123132020199572005EBE9D /* Base */,
			);
			name = LaunchScreen.storyboard;
			sourceTree = "<group>";
		};
/* End PBXVariantGroup section */

/* Begin XCBuildConfiguration section */
		F123132320199572005EBE9D /* Debug */ = {
			isa = XCBuildConfiguration;
			buildSettings = {
				ALWAYS_SEARCH_USER_PATHS = NO;
				CLANG_ANALYZER_NONNULL = YES;
				CLANG_ANALYZER_NUMBER_OBJECT_CONVERSION = YES_AGGRESSIVE;
				CLANG_CXX_LANGUAGE_STANDARD = "gnu++14";
				CLANG_CXX_LIBRARY = "libc++";
				CLANG_ENABLE_MODULES = YES;
				CLANG_ENABLE_OBJC_ARC = YES;
				CLANG_WARN_BLOCK_CAPTURE_AUTORELEASING = YES;
				CLANG_WARN_BOOL_CONVERSION = YES;
				CLANG_WARN_COMMA = YES;
				CLANG_WARN_CONSTANT_CONVERSION = YES;
				CLANG_WARN_DIRECT_OBJC_ISA_USAGE = YES_ERROR;
				CLANG_WARN_DOCUMENTATION_COMMENTS = YES;
				CLANG_WARN_EMPTY_BODY = YES;
				CLANG_WARN_ENUM_CONVERSION = YES;
				CLANG_WARN_INFINITE_RECURSION = YES;
				CLANG_WARN_INT_CONVERSION = YES;
				CLANG_WARN_NON_LITERAL_NULL_CONVERSION = YES;
				CLANG_WARN_OBJC_LITERAL_CONVERSION = YES;
				CLANG_WARN_OBJC_ROOT_CLASS = YES_ERROR;
				CLANG_WARN_RANGE_LOOP_ANALYSIS = YES;
				CLANG_WARN_STRICT_PROTOTYPES = YES;
				CLANG_WARN_SUSPICIOUS_MOVE = YES;
				CLANG_WARN_UNGUARDED_AVAILABILITY = YES_AGGRESSIVE;
				CLANG_WARN_UNREACHABLE_CODE = YES;
				CLANG_WARN__DUPLICATE_METHOD_MATCH = YES;
				CODE_SIGN_IDENTITY = "iPhone Developer";
				COPY_PHASE_STRIP = NO;
				DEBUG_INFORMATION_FORMAT = dwarf;
				ENABLE_STRICT_OBJC_MSGSEND = YES;
				ENABLE_TESTABILITY = YES;
				GCC_C_LANGUAGE_STANDARD = gnu11;
				GCC_DYNAMIC_NO_PIC = NO;
				GCC_NO_COMMON_BLOCKS = YES;
				GCC_OPTIMIZATION_LEVEL = 0;
				GCC_PREPROCESSOR_DEFINITIONS = (
					"DEBUG=1",
					"$(inherited)",
				);
				GCC_WARN_64_TO_32_BIT_CONVERSION = YES;
				GCC_WARN_ABOUT_RETURN_TYPE = YES_ERROR;
				GCC_WARN_UNDECLARED_SELECTOR = YES;
				GCC_WARN_UNINITIALIZED_AUTOS = YES_AGGRESSIVE;
				GCC_WARN_UNUSED_FUNCTION = YES;
				GCC_WARN_UNUSED_VARIABLE = YES;
				IPHONEOS_DEPLOYMENT_TARGET = 11.2;
				MTL_ENABLE_DEBUG_INFO = YES;
				ONLY_ACTIVE_ARCH = YES;
				SDKROOT = iphoneos;
				SWIFT_ACTIVE_COMPILATION_CONDITIONS = DEBUG;
				SWIFT_OPTIMIZATION_LEVEL = "-Onone";
			};
			name = Debug;
		};
		F123132420199572005EBE9D /* Release */ = {
			isa = XCBuildConfiguration;
			buildSettings = {
				ALWAYS_SEARCH_USER_PATHS = NO;
				CLANG_ANALYZER_NONNULL = YES;
				CLANG_ANALYZER_NUMBER_OBJECT_CONVERSION = YES_AGGRESSIVE;
				CLANG_CXX_LANGUAGE_STANDARD = "gnu++14";
				CLANG_CXX_LIBRARY = "libc++";
				CLANG_ENABLE_MODULES = YES;
				CLANG_ENABLE_OBJC_ARC = YES;
				CLANG_WARN_BLOCK_CAPTURE_AUTORELEASING = YES;
				CLANG_WARN_BOOL_CONVERSION = YES;
				CLANG_WARN_COMMA = YES;
				CLANG_WARN_CONSTANT_CONVERSION = YES;
				CLANG_WARN_DIRECT_OBJC_ISA_USAGE = YES_ERROR;
				CLANG_WARN_DOCUMENTATION_COMMENTS = YES;
				CLANG_WARN_EMPTY_BODY = YES;
				CLANG_WARN_ENUM_CONVERSION = YES;
				CLANG_WARN_INFINITE_RECURSION = YES;
				CLANG_WARN_INT_CONVERSION = YES;
				CLANG_WARN_NON_LITERAL_NULL_CONVERSION = YES;
				CLANG_WARN_OBJC_LITERAL_CONVERSION = YES;
				CLANG_WARN_OBJC_ROOT_CLASS = YES_ERROR;
				CLANG_WARN_RANGE_LOOP_ANALYSIS = YES;
				CLANG_WARN_STRICT_PROTOTYPES = YES;
				CLANG_WARN_SUSPICIOUS_MOVE = YES;
				CLANG_WARN_UNGUARDED_AVAILABILITY = YES_AGGRESSIVE;
				CLANG_WARN_UNREACHABLE_CODE = YES;
				CLANG_WARN__DUPLICATE_METHOD_MATCH = YES;
				CODE_SIGN_IDENTITY = "iPhone Developer";
				COPY_PHASE_STRIP = NO;
				DEBUG_INFORMATION_FORMAT = "dwarf-with-dsym";
				ENABLE_NS_ASSERTIONS = NO;
				ENABLE_STRICT_OBJC_MSGSEND = YES;
				GCC_C_LANGUAGE_STANDARD = gnu11;
				GCC_NO_COMMON_BLOCKS = YES;
				GCC_WARN_64_TO_32_BIT_CONVERSION = YES;
				GCC_WARN_ABOUT_RETURN_TYPE = YES_ERROR;
				GCC_WARN_UNDECLARED_SELECTOR = YES;
				GCC_WARN_UNINITIALIZED_AUTOS = YES_AGGRESSIVE;
				GCC_WARN_UNUSED_FUNCTION = YES;
				GCC_WARN_UNUSED_VARIABLE = YES;
				IPHONEOS_DEPLOYMENT_TARGET = 11.2;
				MTL_ENABLE_DEBUG_INFO = NO;
				SDKROOT = iphoneos;
				SWIFT_OPTIMIZATION_LEVEL = "-Owholemodule";
				VALIDATE_PRODUCT = YES;
			};
			name = Release;
		};
		F123132620199572005EBE9D /* Debug */ = {
			isa = XCBuildConfiguration;
			buildSettings = {
				ASSETCATALOG_COMPILER_APPICON_NAME = AppIcon;
				CODE_SIGN_STYLE = Automatic;
				DEVELOPMENT_TEAM = V2XCNE93DB;
				INFOPLIST_FILE = DigitRecogniser/Info.plist;
				LD_RUNPATH_SEARCH_PATHS = "$(inherited) @executable_path/Frameworks";
				PRODUCT_BUNDLE_IDENTIFIER = light.DigitRecogniser;
				PRODUCT_NAME = "$(TARGET_NAME)";
				SWIFT_VERSION = 4.0;
				TARGETED_DEVICE_FAMILY = "1,2";
			};
			name = Debug;
		};
		F123132720199572005EBE9D /* Release */ = {
			isa = XCBuildConfiguration;
			buildSettings = {
				ASSETCATALOG_COMPILER_APPICON_NAME = AppIcon;
				CODE_SIGN_STYLE = Automatic;
				DEVELOPMENT_TEAM = V2XCNE93DB;
				INFOPLIST_FILE = DigitRecogniser/Info.plist;
				LD_RUNPATH_SEARCH_PATHS = "$(inherited) @executable_path/Frameworks";
				PRODUCT_BUNDLE_IDENTIFIER = light.DigitRecogniser;
				PRODUCT_NAME = "$(TARGET_NAME)";
				SWIFT_VERSION = 4.0;
				TARGETED_DEVICE_FAMILY = "1,2";
			};
			name = Release;
		};
/* End XCBuildConfiguration section */

/* Begin XCConfigurationList section */
		F123130E20199571005EBE9D /* Build configuration list for PBXProject "DigitRecogniser" */ = {
			isa = XCConfigurationList;
			buildConfigurations = (
				F123132320199572005EBE9D /* Debug */,
				F123132420199572005EBE9D /* Release */,
			);
			defaultConfigurationIsVisible = 0;
			defaultConfigurationName = Release;
		};
		F123132520199572005EBE9D /* Build configuration list for PBXNativeTarget "DigitRecogniser" */ = {
			isa = XCConfigurationList;
			buildConfigurations = (
				F123132620199572005EBE9D /* Debug */,
				F123132720199572005EBE9D /* Release */,
			);
			defaultConfigurationIsVisible = 0;
			defaultConfigurationName = Release;
		};
/* End XCConfigurationList section */
	};
	rootObject = F123130B20199571005EBE9D /* Project object */;
}
